// !$*UTF8*$!
{
	archiveVersion = 1;
	classes = {
	};
	objectVersion = 56;
	objects = {

/* Begin PBXBuildFile section */
		5D42FCB92AC74C03004C32CB /* AppDelegate.swift in Sources */ = {isa = PBXBuildFile; fileRef = 5D42FCB82AC74C03004C32CB /* AppDelegate.swift */; };
		5D42FCBB2AC74C03004C32CB /* SceneDelegate.swift in Sources */ = {isa = PBXBuildFile; fileRef = 5D42FCBA2AC74C03004C32CB /* SceneDelegate.swift */; };
		5D42FCBD2AC74C03004C32CB /* ViewController.swift in Sources */ = {isa = PBXBuildFile; fileRef = 5D42FCBC2AC74C03004C32CB /* ViewController.swift */; };
		5D42FCC02AC74C04004C32CB /* Main.storyboard in Resources */ = {isa = PBXBuildFile; fileRef = 5D42FCBE2AC74C04004C32CB /* Main.storyboard */; };
		5D42FCC22AC74C06004C32CB /* Assets.xcassets in Resources */ = {isa = PBXBuildFile; fileRef = 5D42FCC12AC74C06004C32CB /* Assets.xcassets */; };
		5D42FCC52AC74C06004C32CB /* LaunchScreen.storyboard in Resources */ = {isa = PBXBuildFile; fileRef = 5D42FCC32AC74C06004C32CB /* LaunchScreen.storyboard */; };
		5D42FCCD2AC74D38004C32CB /* SecondViewController.swift in Sources */ = {isa = PBXBuildFile; fileRef = 5D42FCCC2AC74D38004C32CB /* SecondViewController.swift */; };
		5D42FCCF2AD9B4E4004C32CB /* enumSegue.swift in Sources */ = {isa = PBXBuildFile; fileRef = 5D42FCCE2AD9B4E4004C32CB /* enumSegue.swift */; };
/* End PBXBuildFile section */

/* Begin PBXFileReference section */
		5D42FCB52AC74C03004C32CB /* SendingDataToSecondView.app */ = {isa = PBXFileReference; explicitFileType = wrapper.application; includeInIndex = 0; path = SendingDataToSecondView.app; sourceTree = BUILT_PRODUCTS_DIR; };
		5D42FCB82AC74C03004C32CB /* AppDelegate.swift */ = {isa = PBXFileReference; lastKnownFileType = sourcecode.swift; path = AppDelegate.swift; sourceTree = "<group>"; };
		5D42FCBA2AC74C03004C32CB /* SceneDelegate.swift */ = {isa = PBXFileReference; lastKnownFileType = sourcecode.swift; path = SceneDelegate.swift; sourceTree = "<group>"; };
		5D42FCBC2AC74C03004C32CB /* ViewController.swift */ = {isa = PBXFileReference; lastKnownFileType = sourcecode.swift; path = ViewController.swift; sourceTree = "<group>"; };
		5D42FCBF2AC74C04004C32CB /* Base */ = {isa = PBXFileReference; lastKnownFileType = file.storyboard; name = Base; path = Base.lproj/Main.storyboard; sourceTree = "<group>"; };
		5D42FCC12AC74C06004C32CB /* Assets.xcassets */ = {isa = PBXFileReference; lastKnownFileType = folder.assetcatalog; path = Assets.xcassets; sourceTree = "<group>"; };
		5D42FCC42AC74C06004C32CB /* Base */ = {isa = PBXFileReference; lastKnownFileType = file.storyboard; name = Base; path = Base.lproj/LaunchScreen.storyboard; sourceTree = "<group>"; };
		5D42FCC62AC74C06004C32CB /* Info.plist */ = {isa = PBXFileReference; lastKnownFileType = text.plist.xml; path = Info.plist; sourceTree = "<group>"; };
		5D42FCCC2AC74D38004C32CB /* SecondViewController.swift */ = {isa = PBXFileReference; lastKnownFileType = sourcecode.swift; path = SecondViewController.swift; sourceTree = "<group>"; };
		5D42FCCE2AD9B4E4004C32CB /* enumSegue.swift */ = {isa = PBXFileReference; lastKnownFileType = sourcecode.swift; path = enumSegue.swift; sourceTree = "<group>"; };
/* End PBXFileReference section */

/* Begin PBXFrameworksBuildPhase section */
		5D42FCB22AC74C03004C32CB /* Frameworks */ = {
			isa = PBXFrameworksBuildPhase;
			buildActionMask = 2147483647;
			files = (
			);
			runOnlyForDeploymentPostprocessing = 0;
		};
/* End PBXFrameworksBuildPhase section */

/* Begin PBXGroup section */
		5D42FCAC2AC74C03004C32CB = {
			isa = PBXGroup;
			children = (
				5D42FCB72AC74C03004C32CB /* SendingDataToSecondView */,
				5D42FCB62AC74C03004C32CB /* Products */,
			);
			sourceTree = "<group>";
		};
		5D42FCB62AC74C03004C32CB /* Products */ = {
			isa = PBXGroup;
			children = (
				5D42FCB52AC74C03004C32CB /* SendingDataToSecondView.app */,
			);
			name = Products;
			sourceTree = "<group>";
		};
		5D42FCB72AC74C03004C32CB /* SendingDataToSecondView */ = {
			isa = PBXGroup;
			children = (
				5D42FCB82AC74C03004C32CB /* AppDelegate.swift */,
				5D42FCBA2AC74C03004C32CB /* SceneDelegate.swift */,
				5D42FCBC2AC74C03004C32CB /* ViewController.swift */,
				5D42FCCC2AC74D38004C32CB /* SecondViewController.swift */,
				5D42FCCE2AD9B4E4004C32CB /* enumSegue.swift */,
				5D42FCBE2AC74C04004C32CB /* Main.storyboard */,
				5D42FCC12AC74C06004C32CB /* Assets.xcassets */,
				5D42FCC32AC74C06004C32CB /* LaunchScreen.storyboard */,
				5D42FCC62AC74C06004C32CB /* Info.plist */,
			);
			path = SendingDataToSecondView;
			sourceTree = "<group>";
		};
/* End PBXGroup section */

/* Begin PBXNativeTarget section */
		5D42FCB42AC74C03004C32CB /* SendingDataToSecondView */ = {
			isa = PBXNativeTarget;
			buildConfigurationList = 5D42FCC92AC74C06004C32CB /* Build configuration list for PBXNativeTarget "SendingDataToSecondView" */;
			buildPhases = (
				5D42FCB12AC74C03004C32CB /* Sources */,
				5D42FCB22AC74C03004C32CB /* Frameworks */,
				5D42FCB32AC74C03004C32CB /* Resources */,
			);
			buildRules = (
			);
			dependencies = (
			);
			name = SendingDataToSecondView;
			productName = SendingDataToSecondView;
			productReference = 5D42FCB52AC74C03004C32CB /* SendingDataToSecondView.app */;
			productType = "com.apple.product-type.application";
		};
/* End PBXNativeTarget section */

/* Begin PBXProject section */
		5D42FCAD2AC74C03004C32CB /* Project object */ = {
			isa = PBXProject;
			attributes = {
				BuildIndependentTargetsInParallel = 1;
				LastSwiftUpdateCheck = 1430;
				LastUpgradeCheck = 1430;
				TargetAttributes = {
					5D42FCB42AC74C03004C32CB = {
						CreatedOnToolsVersion = 14.3;
					};
				};
			};
			buildConfigurationList = 5D42FCB02AC74C03004C32CB /* Build configuration list for PBXProject "SendingDataToSecondView" */;
			compatibilityVersion = "Xcode 14.0";
			developmentRegion = en;
			hasScannedForEncodings = 0;
			knownRegions = (
				en,
				Base,
			);
			mainGroup = 5D42FCAC2AC74C03004C32CB;
			productRefGroup = 5D42FCB62AC74C03004C32CB /* Products */;
			projectDirPath = "";
			projectRoot = "";
			targets = (
				5D42FCB42AC74C03004C32CB /* SendingDataToSecondView */,
			);
		};
/* End PBXProject section */

/* Begin PBXResourcesBuildPhase section */
		5D42FCB32AC74C03004C32CB /* Resources */ = {
			isa = PBXResourcesBuildPhase;
			buildActionMask = 2147483647;
			files = (
				5D42FCC52AC74C06004C32CB /* LaunchScreen.storyboard in Resources */,
				5D42FCC22AC74C06004C32CB /* Assets.xcassets in Resources */,
				5D42FCC02AC74C04004C32CB /* Main.storyboard in Resources */,
			);
			runOnlyForDeploymentPostprocessing = 0;
		};
/* End PBXResourcesBuildPhase section */

/* Begin PBXSourcesBuildPhase section */
		5D42FCB12AC74C03004C32CB /* Sources */ = {
			isa = PBXSourcesBuildPhase;
			buildActionMask = 2147483647;
			files = (
				5D42FCCD2AC74D38004C32CB /* SecondViewController.swift in Sources */,
				5D42FCBD2AC74C03004C32CB /* ViewController.swift in Sources */,
				5D42FCCF2AD9B4E4004C32CB /* enumSegue.swift in Sources */,
				5D42FCB92AC74C03004C32CB /* AppDelegate.swift in Sources */,
				5D42FCBB2AC74C03004C32CB /* SceneDelegate.swift in Sources */,
			);
			runOnlyForDeploymentPostprocessing = 0;
		};
/* End PBXSourcesBuildPhase section */

/* Begin PBXVariantGroup section */
		5D42FCBE2AC74C04004C32CB /* Main.storyboard */ = {
			isa = PBXVariantGroup;
			children = (
				5D42FCBF2AC74C04004C32CB /* Base */,
			);
			name = Main.storyboard;
			sourceTree = "<group>";
		};
		5D42FCC32AC74C06004C32CB /* LaunchScreen.storyboard */ = {
			isa = PBXVariantGroup;
			children = (
				5D42FCC42AC74C06004C32CB /* Base */,
			);
			name = LaunchScreen.storyboard;
			sourceTree = "<group>";
		};
/* End PBXVariantGroup section */

/* Begin XCBuildConfiguration section */
		5D42FCC72AC74C06004C32CB /* Debug */ = {
			isa = XCBuildConfiguration;
			buildSettings = {
				ALWAYS_SEARCH_USER_PATHS = NO;
				CLANG_ANALYZER_NONNULL = YES;
				CLANG_ANALYZER_NUMBER_OBJECT_CONVERSION = YES_AGGRESSIVE;
				CLANG_CXX_LANGUAGE_STANDARD = "gnu++20";
				CLANG_ENABLE_MODULES = YES;
				CLANG_ENABLE_OBJC_ARC = YES;
				CLANG_ENABLE_OBJC_WEAK = YES;
				CLANG_WARN_BLOCK_CAPTURE_AUTORELEASING = YES;
				CLANG_WARN_BOOL_CONVERSION = YES;
				CLANG_WARN_COMMA = YES;
				CLANG_WARN_CONSTANT_CONVERSION = YES;
				CLANG_WARN_DEPRECATED_OBJC_IMPLEMENTATIONS = YES;
				CLANG_WARN_DIRECT_OBJC_ISA_USAGE = YES_ERROR;
				CLANG_WARN_DOCUMENTATION_COMMENTS = YES;
				CLANG_WARN_EMPTY_BODY = YES;
				CLANG_WARN_ENUM_CONVERSION = YES;
				CLANG_WARN_INFINITE_RECURSION = YES;
				CLANG_WARN_INT_CONVERSION = YES;
				CLANG_WARN_NON_LITERAL_NULL_CONVERSION = YES;
				CLANG_WARN_OBJC_IMPLICIT_RETAIN_SELF = YES;
				CLANG_WARN_OBJC_LITERAL_CONVERSION = YES;
				CLANG_WARN_OBJC_ROOT_CLASS = YES_ERROR;
				CLANG_WARN_QUOTED_INCLUDE_IN_FRAMEWORK_HEADER = YES;
				CLANG_WARN_RANGE_LOOP_ANALYSIS = YES;
				CLANG_WARN_STRICT_PROTOTYPES = YES;
				CLANG_WARN_SUSPICIOUS_MOVE = YES;
				CLANG_WARN_UNGUARDED_AVAILABILITY = YES_AGGRESSIVE;
				CLANG_WARN_UNREACHABLE_CODE = YES;
				CLANG_WARN__DUPLICATE_METHOD_MATCH = YES;
				COPY_PHASE_STRIP = NO;
				DEBUG_INFORMATION_FORMAT = dwarf;
				ENABLE_STRICT_OBJC_MSGSEND = YES;
				ENABLE_TESTABILITY = YES;
				GCC_C_LANGUAGE_STANDARD = gnu11;
				GCC_DYNAMIC_NO_PIC = NO;
				GCC_NO_COMMON_BLOCKS = YES;
				GCC_OPTIMIZATION_LEVEL = 0;
				GCC_PREPROCESSOR_DEFINITIONS = (
					"DEBUG=1",
					"$(inherited)",
				);
				GCC_WARN_64_TO_32_BIT_CONVERSION = YES;
				GCC_WARN_ABOUT_RETURN_TYPE = YES_ERROR;
				GCC_WARN_UNDECLARED_SELECTOR = YES;
				GCC_WARN_UNINITIALIZED_AUTOS = YES_AGGRESSIVE;
				GCC_WARN_UNUSED_FUNCTION = YES;
				GCC_WARN_UNUSED_VARIABLE = YES;
				IPHONEOS_DEPLOYMENT_TARGET = 16.4;
				MTL_ENABLE_DEBUG_INFO = INCLUDE_SOURCE;
				MTL_FAST_MATH = YES;
				ONLY_ACTIVE_ARCH = YES;
				SDKROOT = iphoneos;
				SWIFT_ACTIVE_COMPILATION_CONDITIONS = DEBUG;
				SWIFT_OPTIMIZATION_LEVEL = "-Onone";
			};
			name = Debug;
		};
		5D42FCC82AC74C06004C32CB /* Release */ = {
			isa = XCBuildConfiguration;
			buildSettings = {
				ALWAYS_SEARCH_USER_PATHS = NO;
				CLANG_ANALYZER_NONNULL = YES;
				CLANG_ANALYZER_NUMBER_OBJECT_CONVERSION = YES_AGGRESSIVE;
				CLANG_CXX_LANGUAGE_STANDARD = "gnu++20";
				CLANG_ENABLE_MODULES = YES;
				CLANG_ENABLE_OBJC_ARC = YES;
				CLANG_ENABLE_OBJC_WEAK = YES;
				CLANG_WARN_BLOCK_CAPTURE_AUTORELEASING = YES;
				CLANG_WARN_BOOL_CONVERSION = YES;
				CLANG_WARN_COMMA = YES;
				CLANG_WARN_CONSTANT_CONVERSION = YES;
				CLANG_WARN_DEPRECATED_OBJC_IMPLEMENTATIONS = YES;
				CLANG_WARN_DIRECT_OBJC_ISA_USAGE = YES_ERROR;
				CLANG_WARN_DOCUMENTATION_COMMENTS = YES;
				CLANG_WARN_EMPTY_BODY = YES;
				CLANG_WARN_ENUM_CONVERSION = YES;
				CLANG_WARN_INFINITE_RECURSION = YES;
				CLANG_WARN_INT_CONVERSION = YES;
				CLANG_WARN_NON_LITERAL_NULL_CONVERSION = YES;
				CLANG_WARN_OBJC_IMPLICIT_RETAIN_SELF = YES;
				CLANG_WARN_OBJC_LITERAL_CONVERSION = YES;
				CLANG_WARN_OBJC_ROOT_CLASS = YES_ERROR;
				CLANG_WARN_QUOTED_INCLUDE_IN_FRAMEWORK_HEADER = YES;
				CLANG_WARN_RANGE_LOOP_ANALYSIS = YES;
				CLANG_WARN_STRICT_PROTOTYPES = YES;
				CLANG_WARN_SUSPICIOUS_MOVE = YES;
				CLANG_WARN_UNGUARDED_AVAILABILITY = YES_AGGRESSIVE;
				CLANG_WARN_UNREACHABLE_CODE = YES;
				CLANG_WARN__DUPLICATE_METHOD_MATCH = YES;
				COPY_PHASE_STRIP = NO;
				DEBUG_INFORMATION_FORMAT = "dwarf-with-dsym";
				ENABLE_NS_ASSERTIONS = NO;
				ENABLE_STRICT_OBJC_MSGSEND = YES;
				GCC_C_LANGUAGE_STANDARD = gnu11;
				GCC_NO_COMMON_BLOCKS = YES;
				GCC_WARN_64_TO_32_BIT_CONVERSION = YES;
				GCC_WARN_ABOUT_RETURN_TYPE = YES_ERROR;
				GCC_WARN_UNDECLARED_SELECTOR = YES;
				GCC_WARN_UNINITIALIZED_AUTOS = YES_AGGRESSIVE;
				GCC_WARN_UNUSED_FUNCTION = YES;
				GCC_WARN_UNUSED_VARIABLE = YES;
				IPHONEOS_DEPLOYMENT_TARGET = 16.4;
				MTL_ENABLE_DEBUG_INFO = NO;
				MTL_FAST_MATH = YES;
				SDKROOT = iphoneos;
				SWIFT_COMPILATION_MODE = wholemodule;
				SWIFT_OPTIMIZATION_LEVEL = "-O";
				VALIDATE_PRODUCT = YES;
			};
			name = Release;
		};
		5D42FCCA2AC74C06004C32CB /* Debug */ = {
			isa = XCBuildConfiguration;
			buildSettings = {
				ASSETCATALOG_COMPILER_APPICON_NAME = AppIcon;
				ASSETCATALOG_COMPILER_GLOBAL_ACCENT_COLOR_NAME = AccentColor;
				CODE_SIGN_STYLE = Automatic;
				CURRENT_PROJECT_VERSION = 1;
				GENERATE_INFOPLIST_FILE = YES;
				INFOPLIST_FILE = SendingDataToSecondView/Info.plist;
				INFOPLIST_KEY_UIApplicationSupportsIndirectInputEvents = YES;
				INFOPLIST_KEY_UILaunchStoryboardName = LaunchScreen;
				INFOPLIST_KEY_UIMainStoryboardFile = Main;
				INFOPLIST_KEY_UISupportedInterfaceOrientations_iPad = "UIInterfaceOrientationPortrait UIInterfaceOrientationPortraitUpsideDown UIInterfaceOrientationLandscapeLeft UIInterfaceOrientationLandscapeRight";
				INFOPLIST_KEY_UISupportedInterfaceOrientations_iPhone = "UIInterfaceOrientationPortrait UIInterfaceOrientationLandscapeLeft UIInterfaceOrientationLandscapeRight";
				LD_RUNPATH_SEARCH_PATHS = (
					"$(inherited)",
					"@executable_path/Frameworks",
				);
				MARKETING_VERSION = 1.0;
				PRODUCT_BUNDLE_IDENTIFIER = silva.kathleen.SendingDataToSecondView;
				PRODUCT_NAME = "$(TARGET_NAME)";
				SWIFT_EMIT_LOC_STRINGS = YES;
				SWIFT_VERSION = 5.0;
				TARGETED_DEVICE_FAMILY = "1,2";
			};
			name = Debug;
		};
		5D42FCCB2AC74C06004C32CB /* Release */ = {
			isa = XCBuildConfiguration;
			buildSettings = {
				ASSETCATALOG_COMPILER_APPICON_NAME = AppIcon;
				ASSETCATALOG_COMPILER_GLOBAL_ACCENT_COLOR_NAME = AccentColor;
				CODE_SIGN_STYLE = Automatic;
				CURRENT_PROJECT_VERSION = 1;
				GENERATE_INFOPLIST_FILE = YES;
				INFOPLIST_FILE = SendingDataToSecondView/Info.plist;
				INFOPLIST_KEY_UIApplicationSupportsIndirectInputEvents = YES;
				INFOPLIST_KEY_UILaunchStoryboardName = LaunchScreen;
				INFOPLIST_KEY_UIMainStoryboardFile = Main;
				INFOPLIST_KEY_UISupportedInterfaceOrientations_iPad = "UIInterfaceOrientationPortrait UIInterfaceOrientationPortraitUpsideDown UIInterfaceOrientationLandscapeLeft UIInterfaceOrientationLandscapeRight";
				INFOPLIST_KEY_UISupportedInterfaceOrientations_iPhone = "UIInterfaceOrientationPortrait UIInterfaceOrientationLandscapeLeft UIInterfaceOrientationLandscapeRight";
				LD_RUNPATH_SEARCH_PATHS = (
					"$(inherited)",
					"@executable_path/Frameworks",
				);
				MARKETING_VERSION = 1.0;
				PRODUCT_BUNDLE_IDENTIFIER = silva.kathleen.SendingDataToSecondView;
				PRODUCT_NAME = "$(TARGET_NAME)";
				SWIFT_EMIT_LOC_STRINGS = YES;
				SWIFT_VERSION = 5.0;
				TARGETED_DEVICE_FAMILY = "1,2";
			};
			name = Release;
		};
/* End XCBuildConfiguration section */

/* Begin XCConfigurationList section */
		5D42FCB02AC74C03004C32CB /* Build configuration list for PBXProject "SendingDataToSecondView" */ = {
			isa = XCConfigurationList;
			buildConfigurations = (
				5D42FCC72AC74C06004C32CB /* Debug */,
				5D42FCC82AC74C06004C32CB /* Release */,
			);
			defaultConfigurationIsVisible = 0;
			defaultConfigurationName = Release;
		};
		5D42FCC92AC74C06004C32CB /* Build configuration list for PBXNativeTarget "SendingDataToSecondView" */ = {
			isa = XCConfigurationList;
			buildConfigurations = (
				5D42FCCA2AC74C06004C32CB /* Debug */,
				5D42FCCB2AC74C06004C32CB /* Release */,
			);
			defaultConfigurationIsVisible = 0;
			defaultConfigurationName = Release;
		};
/* End XCConfigurationList section */
	};
	rootObject = 5D42FCAD2AC74C03004C32CB /* Project object */;
}
